{
  "name": "fxdevkit-monorepo",
  "version": "1.0.0",
  "lockfileVersion": 3,
  "requires": true,
  "packages": {
    "": {
      "name": "fxdevkit-monorepo",
      "version": "1.0.0",
      "workspaces": [
        "packages/*"
      ],
      "devDependencies": {
        "@types/node": "^22.10.0",
        "typescript": "^5.7.0",
        "yaml": "^2.5.0"
      },
      "engines": {
        "node": ">=20"
      }
    },
    "node_modules/@fxdevkit/cli": {
      "resolved": "packages/cli",
      "link": true
    },
    "node_modules/@fxdevkit/core": {
      "resolved": "packages/core",
      "link": true
    },
    "node_modules/@fxdevkit/plugin-commit-rules": {
      "resolved": "packages/plugin-commit-rules",
      "link": true
    },
    "node_modules/@fxdevkit/sdk": {
      "resolved": "packages/sdk",
      "link": true
    },
    "node_modules/@types/node": {
      "version": "22.20.1",
      "dev": true,
      "license": "MIT",
      "dependencies": {
        "undici-types": "~6.21.0"
      }
    },
    "node_modules/typescript": {
      "version": "5.9.3",
      "dev": true,
      "license": "Apache-2.0",
      "bin": {
        "tsc": "bin/tsc",
        "tsserver": "bin/tsserver"
      },
      "engines": {
        "node": ">=14.17"
      }
    },
    "node_modules/undici-types": {
      "version": "6.21.0",
      "dev": true,
      "license": "MIT"
    },
    "node_modules/yaml": {
      "version": "2.9.0",
      "license": "ISC",
      "bin": {
        "yaml": "bin.mjs"
      },
      "engines": {
        "node": ">= 14.6"
      },
      "funding": {
        "url": "https://github.com/sponsors/eemeli"
      }
    },
    "packages/cli": {
      "name": "@fxdevkit/cli",
      "version": "1.0.0",
      "dependencies": {
        "@fxdevkit/core": "*",
        "@fxdevkit/sdk": "*"
      },
      "bin": {
        "fxdevkit": "dist/index.js"
      },
      "devDependencies": {
        "yaml": "^2.5.0"
      }
    },
    "packages/core": {
      "name": "@fxdevkit/core",
      "version": "1.0.0",
      "dependencies": {
        "@fxdevkit/sdk": "*",
        "yaml": "^2.6.0"
      }
    },
    "packages/plugin-commit-rules": {
      "name": "@fxdevkit/plugin-commit-rules",
      "version": "1.0.0",
      "dependencies": {
        "@fxdevkit/sdk": "*"
      }
    },
    "packages/sdk": {
      "name": "@fxdevkit/sdk",
      "version": "1.0.0"
    }
  }
}
